
Microsoft Visual Studio Solution File, Format Version 12.00
# Visual Studio 15
VisualStudioVersion = 15.0.28307.572
MinimumVisualStudioVersion = 10.0.40219.1
Project("{FAE04EC0-301F-11D3-BF4B-00C04F79EFBC}") = "DövizAlSatDemo", "DövizAlSatDemo\DövizAlSatDemo.csproj", "{50557BA3-99C0-4AAE-80B5-0069CB9EF414}"
EndProject
Global
	GlobalSection(SolutionConfigurationPlatforms) = preSolution
		Debug|Any CPU = Debug|Any CPU
		Release|Any CPU = Release|Any CPU
	EndGlobalSection
	GlobalSection(ProjectConfigurationPlatforms) = postSolution
		{50557BA3-99C0-4AAE-80B5-0069CB9EF414}.Debug|Any CPU.ActiveCfg = Debug|Any CPU
		{50557BA3-99C0-4AAE-80B5-0069CB9EF414}.Debug|Any CPU.Build.0 = Debug|Any CPU
		{50557BA3-99C0-4AAE-80B5-0069CB9EF414}.Release|Any CPU.ActiveCfg = Release|Any CPU
		{50557BA3-99C0-4AAE-80B5-0069CB9EF414}.Release|Any CPU.Build.0 = Release|Any CPU
	EndGlobalSection
	GlobalSection(SolutionProperties) = preSolution
		HideSolutionNode = FALSE
	EndGlobalSection
	GlobalSection(ExtensibilityGlobals) = postSolution
		SolutionGuid = {4D15BC96-CB65-42DF-BF2F-28BA10895914}
	EndGlobalSection
EndGlobal
